// !$*UTF8*$!
{
	archiveVersion = 1;
	classes = {
	};
	objectVersion = 50;
	objects = {

/* Begin PBXBuildFile section */
		2D6FC6FAA1143DCF6B86FFFE /* Pods_ToDoerUITests.framework in Frameworks */ = {isa = PBXBuildFile; fileRef = B78A997E83EF52A977B80DB5 /* Pods_ToDoerUITests.framework */; };
		3592A0D1119CC801E2575F70 /* Pods_ToDoer.framework in Frameworks */ = {isa = PBXBuildFile; fileRef = 2918489A1B47A9DDD8E8003D /* Pods_ToDoer.framework */; };
		473A14CADD24142894755B8D /* Pods_ToDoerTests.framework in Frameworks */ = {isa = PBXBuildFile; fileRef = 2105963C2B6F16F2101AFF60 /* Pods_ToDoerTests.framework */; };
		8403C7BF225CA85100207C2A /* AppDelegate.swift in Sources */ = {isa = PBXBuildFile; fileRef = 8403C7BE225CA85100207C2A /* AppDelegate.swift */; };
		8403C7C4225CA85100207C2A /* Main.storyboard in Resources */ = {isa = PBXBuildFile; fileRef = 8403C7C2225CA85100207C2A /* Main.storyboard */; };
		8403C7C6225CA85100207C2A /* Assets.xcassets in Resources */ = {isa = PBXBuildFile; fileRef = 8403C7C5225CA85100207C2A /* Assets.xcassets */; };
		8403C7C9225CA85100207C2A /* LaunchScreen.storyboard in Resources */ = {isa = PBXBuildFile; fileRef = 8403C7C7225CA85100207C2A /* LaunchScreen.storyboard */; };
		8403C7D4225CA85200207C2A /* ToDoerTests.swift in Sources */ = {isa = PBXBuildFile; fileRef = 8403C7D3225CA85200207C2A /* ToDoerTests.swift */; };
		8403C7DF225CA85200207C2A /* ToDoerUITests.swift in Sources */ = {isa = PBXBuildFile; fileRef = 8403C7DE225CA85200207C2A /* ToDoerUITests.swift */; };
		849DCEDB22783F5900D5FD9E /* Item.swift in Sources */ = {isa = PBXBuildFile; fileRef = 849DCEDA22783F5900D5FD9E /* Item.swift */; };
		849DCEDF22783FCA00D5FD9E /* Category.swift in Sources */ = {isa = PBXBuildFile; fileRef = 849DCEDE22783FCA00D5FD9E /* Category.swift */; };
		84AA61F3225FB3F40057F966 /* TodoerTableViewController.swift in Sources */ = {isa = PBXBuildFile; fileRef = 84AA61F2225FB3F40057F966 /* TodoerTableViewController.swift */; };
		84C71B7D227750A9006D4620 /* TDCategoryViewController.swift in Sources */ = {isa = PBXBuildFile; fileRef = 84C71B7C227750A9006D4620 /* TDCategoryViewController.swift */; };
/* End PBXBuildFile section */

/* Begin PBXContainerItemProxy section */
		8403C7D0225CA85200207C2A /* PBXContainerItemProxy */ = {
			isa = PBXContainerItemProxy;
			containerPortal = 8403C7B3225CA85100207C2A /* Project object */;
			proxyType = 1;
			remoteGlobalIDString = 8403C7BA225CA85100207C2A;
			remoteInfo = ToDoer;
		};
		8403C7DB225CA85200207C2A /* PBXContainerItemProxy */ = {
			isa = PBXContainerItemProxy;
			containerPortal = 8403C7B3225CA85100207C2A /* Project object */;
			proxyType = 1;
			remoteGlobalIDString = 8403C7BA225CA85100207C2A;
			remoteInfo = ToDoer;
		};
/* End PBXContainerItemProxy section */

/* Begin PBXFileReference section */
		2105963C2B6F16F2101AFF60 /* Pods_ToDoerTests.framework */ = {isa = PBXFileReference; explicitFileType = wrapper.framework; includeInIndex = 0; path = Pods_ToDoerTests.framework; sourceTree = BUILT_PRODUCTS_DIR; };
		2918489A1B47A9DDD8E8003D /* Pods_ToDoer.framework */ = {isa = PBXFileReference; explicitFileType = wrapper.framework; includeInIndex = 0; path = Pods_ToDoer.framework; sourceTree = BUILT_PRODUCTS_DIR; };
		484880D128EA5FA108FB9478 /* Pods-ToDoer.debug.xcconfig */ = {isa = PBXFileReference; includeInIndex = 1; lastKnownFileType = text.xcconfig; name = "Pods-ToDoer.debug.xcconfig"; path = "Target Support Files/Pods-ToDoer/Pods-ToDoer.debug.xcconfig"; sourceTree = "<group>"; };
		51B07BBE551BFC18E283AA74 /* Pods-ToDoer.release.xcconfig */ = {isa = PBXFileReference; includeInIndex = 1; lastKnownFileType = text.xcconfig; name = "Pods-ToDoer.release.xcconfig"; path = "Target Support Files/Pods-ToDoer/Pods-ToDoer.release.xcconfig"; sourceTree = "<group>"; };
		66F249F5B2AADEF769B01ACD /* Pods-ToDoerUITests.debug.xcconfig */ = {isa = PBXFileReference; includeInIndex = 1; lastKnownFileType = text.xcconfig; name = "Pods-ToDoerUITests.debug.xcconfig"; path = "Target Support Files/Pods-ToDoerUITests/Pods-ToDoerUITests.debug.xcconfig"; sourceTree = "<group>"; };
		8403C7BB225CA85100207C2A /* ToDoer.app */ = {isa = PBXFileReference; explicitFileType = wrapper.application; includeInIndex = 0; path = ToDoer.app; sourceTree = BUILT_PRODUCTS_DIR; };
		8403C7BE225CA85100207C2A /* AppDelegate.swift */ = {isa = PBXFileReference; lastKnownFileType = sourcecode.swift; path = AppDelegate.swift; sourceTree = "<group>"; };
		8403C7C3225CA85100207C2A /* Base */ = {isa = PBXFileReference; lastKnownFileType = file.storyboard; name = Base; path = Base.lproj/Main.storyboard; sourceTree = "<group>"; };
		8403C7C5225CA85100207C2A /* Assets.xcassets */ = {isa = PBXFileReference; lastKnownFileType = folder.assetcatalog; path = Assets.xcassets; sourceTree = "<group>"; };
		8403C7C8225CA85100207C2A /* Base */ = {isa = PBXFileReference; lastKnownFileType = file.storyboard; name = Base; path = Base.lproj/LaunchScreen.storyboard; sourceTree = "<group>"; };
		8403C7CA225CA85100207C2A /* Info.plist */ = {isa = PBXFileReference; lastKnownFileType = text.plist.xml; path = Info.plist; sourceTree = "<group>"; };
		8403C7CF225CA85200207C2A /* ToDoerTests.xctest */ = {isa = PBXFileReference; explicitFileType = wrapper.cfbundle; includeInIndex = 0; path = ToDoerTests.xctest; sourceTree = BUILT_PRODUCTS_DIR; };
		8403C7D3225CA85200207C2A /* ToDoerTests.swift */ = {isa = PBXFileReference; lastKnownFileType = sourcecode.swift; path = ToDoerTests.swift; sourceTree = "<group>"; };
		8403C7D5225CA85200207C2A /* Info.plist */ = {isa = PBXFileReference; lastKnownFileType = text.plist.xml; path = Info.plist; sourceTree = "<group>"; };
		8403C7DA225CA85200207C2A /* ToDoerUITests.xctest */ = {isa = PBXFileReference; explicitFileType = wrapper.cfbundle; includeInIndex = 0; path = ToDoerUITests.xctest; sourceTree = BUILT_PRODUCTS_DIR; };
		8403C7DE225CA85200207C2A /* ToDoerUITests.swift */ = {isa = PBXFileReference; lastKnownFileType = sourcecode.swift; path = ToDoerUITests.swift; sourceTree = "<group>"; };
		8403C7E0225CA85200207C2A /* Info.plist */ = {isa = PBXFileReference; lastKnownFileType = text.plist.xml; path = Info.plist; sourceTree = "<group>"; };
		849DCEDA22783F5900D5FD9E /* Item.swift */ = {isa = PBXFileReference; lastKnownFileType = sourcecode.swift; path = Item.swift; sourceTree = "<group>"; };
		849DCEDE22783FCA00D5FD9E /* Category.swift */ = {isa = PBXFileReference; lastKnownFileType = sourcecode.swift; path = Category.swift; sourceTree = "<group>"; };
		84AA61F2225FB3F40057F966 /* TodoerTableViewController.swift */ = {isa = PBXFileReference; fileEncoding = 4; lastKnownFileType = sourcecode.swift; path = TodoerTableViewController.swift; sourceTree = "<group>"; };
		84C71B7C227750A9006D4620 /* TDCategoryViewController.swift */ = {isa = PBXFileReference; lastKnownFileType = sourcecode.swift; path = TDCategoryViewController.swift; sourceTree = "<group>"; };
		B78A997E83EF52A977B80DB5 /* Pods_ToDoerUITests.framework */ = {isa = PBXFileReference; explicitFileType = wrapper.framework; includeInIndex = 0; path = Pods_ToDoerUITests.framework; sourceTree = BUILT_PRODUCTS_DIR; };
		C807B8B95B214EF66DF92FE5 /* Pods-ToDoerUITests.release.xcconfig */ = {isa = PBXFileReference; includeInIndex = 1; lastKnownFileType = text.xcconfig; name = "Pods-ToDoerUITests.release.xcconfig"; path = "Target Support Files/Pods-ToDoerUITests/Pods-ToDoerUITests.release.xcconfig"; sourceTree = "<group>"; };
		C9DC85EA63BC1A511676138D /* Pods-ToDoerTests.debug.xcconfig */ = {isa = PBXFileReference; includeInIndex = 1; lastKnownFileType = text.xcconfig; name = "Pods-ToDoerTests.debug.xcconfig"; path = "Target Support Files/Pods-ToDoerTests/Pods-ToDoerTests.debug.xcconfig"; sourceTree = "<group>"; };
		D2B5F44094961E5411D61676 /* Pods-ToDoerTests.release.xcconfig */ = {isa = PBXFileReference; includeInIndex = 1; lastKnownFileType = text.xcconfig; name = "Pods-ToDoerTests.release.xcconfig"; path = "Target Support Files/Pods-ToDoerTests/Pods-ToDoerTests.release.xcconfig"; sourceTree = "<group>"; };
/* End PBXFileReference section */

/* Begin PBXFrameworksBuildPhase section */
		8403C7B8225CA85100207C2A /* Frameworks */ = {
			isa = PBXFrameworksBuildPhase;
			buildActionMask = 2147483647;
			files = (
				3592A0D1119CC801E2575F70 /* Pods_ToDoer.framework in Frameworks */,
			);
			runOnlyForDeploymentPostprocessing = 0;
		};
		8403C7CC225CA85200207C2A /* Frameworks */ = {
			isa = PBXFrameworksBuildPhase;
			buildActionMask = 2147483647;
			files = (
				473A14CADD24142894755B8D /* Pods_ToDoerTests.framework in Frameworks */,
			);
			runOnlyForDeploymentPostprocessing = 0;
		};
		8403C7D7225CA85200207C2A /* Frameworks */ = {
			isa = PBXFrameworksBuildPhase;
			buildActionMask = 2147483647;
			files = (
				2D6FC6FAA1143DCF6B86FFFE /* Pods_ToDoerUITests.framework in Frameworks */,
			);
			runOnlyForDeploymentPostprocessing = 0;
		};
/* End PBXFrameworksBuildPhase section */

/* Begin PBXGroup section */
		3985F4E928CBD2EC34200E7F /* Frameworks */ = {
			isa = PBXGroup;
			children = (
				2918489A1B47A9DDD8E8003D /* Pods_ToDoer.framework */,
				2105963C2B6F16F2101AFF60 /* Pods_ToDoerTests.framework */,
				B78A997E83EF52A977B80DB5 /* Pods_ToDoerUITests.framework */,
			);
			name = Frameworks;
			sourceTree = "<group>";
		};
		8403C7B2225CA85100207C2A = {
			isa = PBXGroup;
			children = (
				8403C7BD225CA85100207C2A /* ToDoer */,
				8403C7D2225CA85200207C2A /* ToDoerTests */,
				8403C7DD225CA85200207C2A /* ToDoerUITests */,
				8403C7BC225CA85100207C2A /* Products */,
				8B4F2DA9B812D3A2C63A0750 /* Pods */,
				3985F4E928CBD2EC34200E7F /* Frameworks */,
			);
			sourceTree = "<group>";
		};
		8403C7BC225CA85100207C2A /* Products */ = {
			isa = PBXGroup;
			children = (
				8403C7BB225CA85100207C2A /* ToDoer.app */,
				8403C7CF225CA85200207C2A /* ToDoerTests.xctest */,
				8403C7DA225CA85200207C2A /* ToDoerUITests.xctest */,
			);
			name = Products;
			sourceTree = "<group>";
		};
		8403C7BD225CA85100207C2A /* ToDoer */ = {
			isa = PBXGroup;
			children = (
				8403C7BE225CA85100207C2A /* AppDelegate.swift */,
				84AA61F8225FD6C50057F966 /* Views */,
				84AA61F6225FB4D70057F966 /* ViewModels */,
				84AA61F7225FB4E20057F966 /* Controllers */,
				84AA61F9225FD6D20057F966 /* SupportingFiles */,
				8403C7CA225CA85100207C2A /* Info.plist */,
			);
			path = ToDoer;
			sourceTree = "<group>";
		};
		8403C7D2225CA85200207C2A /* ToDoerTests */ = {
			isa = PBXGroup;
			children = (
				8403C7D3225CA85200207C2A /* ToDoerTests.swift */,
				8403C7D5225CA85200207C2A /* Info.plist */,
			);
			path = ToDoerTests;
			sourceTree = "<group>";
		};
		8403C7DD225CA85200207C2A /* ToDoerUITests */ = {
			isa = PBXGroup;
			children = (
				8403C7DE225CA85200207C2A /* ToDoerUITests.swift */,
				8403C7E0225CA85200207C2A /* Info.plist */,
			);
			path = ToDoerUITests;
			sourceTree = "<group>";
		};
		84AA61F6225FB4D70057F966 /* ViewModels */ = {
			isa = PBXGroup;
			children = (
				849DCEDA22783F5900D5FD9E /* Item.swift */,
				849DCEDE22783FCA00D5FD9E /* Category.swift */,
			);
			path = ViewModels;
			sourceTree = "<group>";
		};
		84AA61F7225FB4E20057F966 /* Controllers */ = {
			isa = PBXGroup;
			children = (
				84C71B7C227750A9006D4620 /* TDCategoryViewController.swift */,
				84AA61F2225FB3F40057F966 /* TodoerTableViewController.swift */,
			);
			path = Controllers;
			sourceTree = "<group>";
		};
		84AA61F8225FD6C50057F966 /* Views */ = {
			isa = PBXGroup;
			children = (
				8403C7C2225CA85100207C2A /* Main.storyboard */,
			);
			path = Views;
			sourceTree = "<group>";
		};
		84AA61F9225FD6D20057F966 /* SupportingFiles */ = {
			isa = PBXGroup;
			children = (
				8403C7C5225CA85100207C2A /* Assets.xcassets */,
				8403C7C7225CA85100207C2A /* LaunchScreen.storyboard */,
			);
			path = SupportingFiles;
			sourceTree = "<group>";
		};
		8B4F2DA9B812D3A2C63A0750 /* Pods */ = {
			isa = PBXGroup;
			children = (
				484880D128EA5FA108FB9478 /* Pods-ToDoer.debug.xcconfig */,
				51B07BBE551BFC18E283AA74 /* Pods-ToDoer.release.xcconfig */,
				C9DC85EA63BC1A511676138D /* Pods-ToDoerTests.debug.xcconfig */,
				D2B5F44094961E5411D61676 /* Pods-ToDoerTests.release.xcconfig */,
				66F249F5B2AADEF769B01ACD /* Pods-ToDoerUITests.debug.xcconfig */,
				C807B8B95B214EF66DF92FE5 /* Pods-ToDoerUITests.release.xcconfig */,
			);
			path = Pods;
			sourceTree = "<group>";
		};
/* End PBXGroup section */

/* Begin PBXNativeTarget section */
		8403C7BA225CA85100207C2A /* ToDoer */ = {
			isa = PBXNativeTarget;
			buildConfigurationList = 8403C7E3225CA85200207C2A /* Build configuration list for PBXNativeTarget "ToDoer" */;
			buildPhases = (
				0215F75AF209866E4C222994 /* [CP] Check Pods Manifest.lock */,
				8403C7B7225CA85100207C2A /* Sources */,
				8403C7B8225CA85100207C2A /* Frameworks */,
				8403C7B9225CA85100207C2A /* Resources */,
				21324CB65D501F5613949DD4 /* [CP] Embed Pods Frameworks */,
			);
			buildRules = (
			);
			dependencies = (
			);
			name = ToDoer;
			productName = ToDoer;
			productReference = 8403C7BB225CA85100207C2A /* ToDoer.app */;
			productType = "com.apple.product-type.application";
		};
		8403C7CE225CA85200207C2A /* ToDoerTests */ = {
			isa = PBXNativeTarget;
			buildConfigurationList = 8403C7E6225CA85200207C2A /* Build configuration list for PBXNativeTarget "ToDoerTests" */;
			buildPhases = (
				0D7379CD3DDC6619D45BEFA7 /* [CP] Check Pods Manifest.lock */,
				8403C7CB225CA85200207C2A /* Sources */,
				8403C7CC225CA85200207C2A /* Frameworks */,
				8403C7CD225CA85200207C2A /* Resources */,
			);
			buildRules = (
			);
			dependencies = (
				8403C7D1225CA85200207C2A /* PBXTargetDependency */,
			);
			name = ToDoerTests;
			productName = ToDoerTests;
			productReference = 8403C7CF225CA85200207C2A /* ToDoerTests.xctest */;
			productType = "com.apple.product-type.bundle.unit-test";
		};
		8403C7D9225CA85200207C2A /* ToDoerUITests */ = {
			isa = PBXNativeTarget;
			buildConfigurationList = 8403C7E9225CA85200207C2A /* Build configuration list for PBXNativeTarget "ToDoerUITests" */;
			buildPhases = (
				C0968F3E84243193F88DD2AD /* [CP] Check Pods Manifest.lock */,
				8403C7D6225CA85200207C2A /* Sources */,
				8403C7D7225CA85200207C2A /* Frameworks */,
				8403C7D8225CA85200207C2A /* Resources */,
			);
			buildRules = (
			);
			dependencies = (
				8403C7DC225CA85200207C2A /* PBXTargetDependency */,
			);
			name = ToDoerUITests;
			productName = ToDoerUITests;
			productReference = 8403C7DA225CA85200207C2A /* ToDoerUITests.xctest */;
			productType = "com.apple.product-type.bundle.ui-testing";
		};
/* End PBXNativeTarget section */

/* Begin PBXProject section */
		8403C7B3225CA85100207C2A /* Project object */ = {
			isa = PBXProject;
			attributes = {
				LastSwiftUpdateCheck = 1010;
				LastUpgradeCheck = 1010;
				ORGANIZATIONNAME = Sarannya;
				TargetAttributes = {
					8403C7BA225CA85100207C2A = {
						CreatedOnToolsVersion = 10.1;
					};
					8403C7CE225CA85200207C2A = {
						CreatedOnToolsVersion = 10.1;
						TestTargetID = 8403C7BA225CA85100207C2A;
					};
					8403C7D9225CA85200207C2A = {
						CreatedOnToolsVersion = 10.1;
						TestTargetID = 8403C7BA225CA85100207C2A;
					};
				};
			};
			buildConfigurationList = 8403C7B6225CA85100207C2A /* Build configuration list for PBXProject "ToDoer" */;
			compatibilityVersion = "Xcode 9.3";
			developmentRegion = en;
			hasScannedForEncodings = 0;
			knownRegions = (
				en,
				Base,
			);
			mainGroup = 8403C7B2225CA85100207C2A;
			productRefGroup = 8403C7BC225CA85100207C2A /* Products */;
			projectDirPath = "";
			projectRoot = "";
			targets = (
				8403C7BA225CA85100207C2A /* ToDoer */,
				8403C7CE225CA85200207C2A /* ToDoerTests */,
				8403C7D9225CA85200207C2A /* ToDoerUITests */,
			);
		};
/* End PBXProject section */

/* Begin PBXResourcesBuildPhase section */
		8403C7B9225CA85100207C2A /* Resources */ = {
			isa = PBXResourcesBuildPhase;
			buildActionMask = 2147483647;
			files = (
				8403C7C9225CA85100207C2A /* LaunchScreen.storyboard in Resources */,
				8403C7C6225CA85100207C2A /* Assets.xcassets in Resources */,
				8403C7C4225CA85100207C2A /* Main.storyboard in Resources */,
			);
			runOnlyForDeploymentPostprocessing = 0;
		};
		8403C7CD225CA85200207C2A /* Resources */ = {
			isa = PBXResourcesBuildPhase;
			buildActionMask = 2147483647;
			files = (
			);
			runOnlyForDeploymentPostprocessing = 0;
		};
		8403C7D8225CA85200207C2A /* Resources */ = {
			isa = PBXResourcesBuildPhase;
			buildActionMask = 2147483647;
			files = (
			);
			runOnlyForDeploymentPostprocessing = 0;
		};
/* End PBXResourcesBuildPhase section */

/* Begin PBXShellScriptBuildPhase section */
		0215F75AF209866E4C222994 /* [CP] Check Pods Manifest.lock */ = {
			isa = PBXShellScriptBuildPhase;
			buildActionMask = 2147483647;
			files = (
			);
			inputFileListPaths = (
			);
			inputPaths = (
				"${PODS_PODFILE_DIR_PATH}/Podfile.lock",
				"${PODS_ROOT}/Manifest.lock",
			);
			name = "[CP] Check Pods Manifest.lock";
			outputFileListPaths = (
			);
			outputPaths = (
				"$(DERIVED_FILE_DIR)/Pods-ToDoer-checkManifestLockResult.txt",
			);
			runOnlyForDeploymentPostprocessing = 0;
			shellPath = /bin/sh;
			shellScript = "diff \"${PODS_PODFILE_DIR_PATH}/Podfile.lock\" \"${PODS_ROOT}/Manifest.lock\" > /dev/null\nif [ $? != 0 ] ; then\n    # print error to STDERR\n    echo \"error: The sandbox is not in sync with the Podfile.lock. Run 'pod install' or update your CocoaPods installation.\" >&2\n    exit 1\nfi\n# This output is used by Xcode 'outputs' to avoid re-running this script phase.\necho \"SUCCESS\" > \"${SCRIPT_OUTPUT_FILE_0}\"\n";
			showEnvVarsInLog = 0;
		};
		0D7379CD3DDC6619D45BEFA7 /* [CP] Check Pods Manifest.lock */ = {
			isa = PBXShellScriptBuildPhase;
			buildActionMask = 2147483647;
			files = (
			);
			inputFileListPaths = (
			);
			inputPaths = (
				"${PODS_PODFILE_DIR_PATH}/Podfile.lock",
				"${PODS_ROOT}/Manifest.lock",
			);
			name = "[CP] Check Pods Manifest.lock";
			outputFileListPaths = (
			);
			outputPaths = (
				"$(DERIVED_FILE_DIR)/Pods-ToDoerTests-checkManifestLockResult.txt",
			);
			runOnlyForDeploymentPostprocessing = 0;
			shellPath = /bin/sh;
			shellScript = "diff \"${PODS_PODFILE_DIR_PATH}/Podfile.lock\" \"${PODS_ROOT}/Manifest.lock\" > /dev/null\nif [ $? != 0 ] ; then\n    # print error to STDERR\n    echo \"error: The sandbox is not in sync with the Podfile.lock. Run 'pod install' or update your CocoaPods installation.\" >&2\n    exit 1\nfi\n# This output is used by Xcode 'outputs' to avoid re-running this script phase.\necho \"SUCCESS\" > \"${SCRIPT_OUTPUT_FILE_0}\"\n";
			showEnvVarsInLog = 0;
		};
		21324CB65D501F5613949DD4 /* [CP] Embed Pods Frameworks */ = {
			isa = PBXShellScriptBuildPhase;
			buildActionMask = 2147483647;
			files = (
			);
			inputFileListPaths = (
			);
			inputPaths = (
				"${PODS_ROOT}/Target Support Files/Pods-ToDoer/Pods-ToDoer-frameworks.sh",
				"${BUILT_PRODUCTS_DIR}/Realm/Realm.framework",
				"${BUILT_PRODUCTS_DIR}/RealmSwift/RealmSwift.framework",
			);
			name = "[CP] Embed Pods Frameworks";
			outputFileListPaths = (
			);
			outputPaths = (
				"${TARGET_BUILD_DIR}/${FRAMEWORKS_FOLDER_PATH}/Realm.framework",
				"${TARGET_BUILD_DIR}/${FRAMEWORKS_FOLDER_PATH}/RealmSwift.framework",
			);
			runOnlyForDeploymentPostprocessing = 0;
			shellPath = /bin/sh;
			shellScript = "\"${PODS_ROOT}/Target Support Files/Pods-ToDoer/Pods-ToDoer-frameworks.sh\"\n";
			showEnvVarsInLog = 0;
		};
		C0968F3E84243193F88DD2AD /* [CP] Check Pods Manifest.lock */ = {
			isa = PBXShellScriptBuildPhase;
			buildActionMask = 2147483647;
			files = (
			);
			inputFileListPaths = (
			);
			inputPaths = (
				"${PODS_PODFILE_DIR_PATH}/Podfile.lock",
				"${PODS_ROOT}/Manifest.lock",
			);
			name = "[CP] Check Pods Manifest.lock";
			outputFileListPaths = (
			);
			outputPaths = (
				"$(DERIVED_FILE_DIR)/Pods-ToDoerUITests-checkManifestLockResult.txt",
			);
			runOnlyForDeploymentPostprocessing = 0;
			shellPath = /bin/sh;
			shellScript = "diff \"${PODS_PODFILE_DIR_PATH}/Podfile.lock\" \"${PODS_ROOT}/Manifest.lock\" > /dev/null\nif [ $? != 0 ] ; then\n    # print error to STDERR\n    echo \"error: The sandbox is not in sync with the Podfile.lock. Run 'pod install' or update your CocoaPods installation.\" >&2\n    exit 1\nfi\n# This output is used by Xcode 'outputs' to avoid re-running this script phase.\necho \"SUCCESS\" > \"${SCRIPT_OUTPUT_FILE_0}\"\n";
			showEnvVarsInLog = 0;
		};
/* End PBXShellScriptBuildPhase section */

/* Begin PBXSourcesBuildPhase section */
		8403C7B7225CA85100207C2A /* Sources */ = {
			isa = PBXSourcesBuildPhase;
			buildActionMask = 2147483647;
			files = (
				849DCEDB22783F5900D5FD9E /* Item.swift in Sources */,
				849DCEDF22783FCA00D5FD9E /* Category.swift in Sources */,
				8403C7BF225CA85100207C2A /* AppDelegate.swift in Sources */,
				84C71B7D227750A9006D4620 /* TDCategoryViewController.swift in Sources */,
				84AA61F3225FB3F40057F966 /* TodoerTableViewController.swift in Sources */,
			);
			runOnlyForDeploymentPostprocessing = 0;
		};
		8403C7CB225CA85200207C2A /* Sources */ = {
			isa = PBXSourcesBuildPhase;
			buildActionMask = 2147483647;
			files = (
				8403C7D4225CA85200207C2A /* ToDoerTests.swift in Sources */,
			);
			runOnlyForDeploymentPostprocessing = 0;
		};
		8403C7D6225CA85200207C2A /* Sources */ = {
			isa = PBXSourcesBuildPhase;
			buildActionMask = 2147483647;
			files = (
				8403C7DF225CA85200207C2A /* ToDoerUITests.swift in Sources */,
			);
			runOnlyForDeploymentPostprocessing = 0;
		};
/* End PBXSourcesBuildPhase section */

/* Begin PBXTargetDependency section */
		8403C7D1225CA85200207C2A /* PBXTargetDependency */ = {
			isa = PBXTargetDependency;
			target = 8403C7BA225CA85100207C2A /* ToDoer */;
			targetProxy = 8403C7D0225CA85200207C2A /* PBXContainerItemProxy */;
		};
		8403C7DC225CA85200207C2A /* PBXTargetDependency */ = {
			isa = PBXTargetDependency;
			target = 8403C7BA225CA85100207C2A /* ToDoer */;
			targetProxy = 8403C7DB225CA85200207C2A /* PBXContainerItemProxy */;
		};
/* End PBXTargetDependency section */

/* Begin PBXVariantGroup section */
		8403C7C2225CA85100207C2A /* Main.storyboard */ = {
			isa = PBXVariantGroup;
			children = (
				8403C7C3225CA85100207C2A /* Base */,
			);
			name = Main.storyboard;
			sourceTree = "<group>";
		};
		8403C7C7225CA85100207C2A /* LaunchScreen.storyboard */ = {
			isa = PBXVariantGroup;
			children = (
				8403C7C8225CA85100207C2A /* Base */,
			);
			name = LaunchScreen.storyboard;
			sourceTree = "<group>";
		};
/* End PBXVariantGroup section */

/* Begin XCBuildConfiguration section */
		8403C7E1225CA85200207C2A /* Debug */ = {
			isa = XCBuildConfiguration;
			buildSettings = {
				ALWAYS_SEARCH_USER_PATHS = NO;
				CLANG_ANALYZER_NONNULL = YES;
				CLANG_ANALYZER_NUMBER_OBJECT_CONVERSION = YES_AGGRESSIVE;
				CLANG_CXX_LANGUAGE_STANDARD = "gnu++14";
				CLANG_CXX_LIBRARY = "libc++";
				CLANG_ENABLE_MODULES = YES;
				CLANG_ENABLE_OBJC_ARC = YES;
				CLANG_ENABLE_OBJC_WEAK = YES;
				CLANG_WARN_BLOCK_CAPTURE_AUTORELEASING = YES;
				CLANG_WARN_BOOL_CONVERSION = YES;
				CLANG_WARN_COMMA = YES;
				CLANG_WARN_CONSTANT_CONVERSION = YES;
				CLANG_WARN_DEPRECATED_OBJC_IMPLEMENTATIONS = YES;
				CLANG_WARN_DIRECT_OBJC_ISA_USAGE = YES_ERROR;
				CLANG_WARN_DOCUMENTATION_COMMENTS = YES;
				CLANG_WARN_EMPTY_BODY = YES;
				CLANG_WARN_ENUM_CONVERSION = YES;
				CLANG_WARN_INFINITE_RECURSION = YES;
				CLANG_WARN_INT_CONVERSION = YES;
				CLANG_WARN_NON_LITERAL_NULL_CONVERSION = YES;
				CLANG_WARN_OBJC_IMPLICIT_RETAIN_SELF = YES;
				CLANG_WARN_OBJC_LITERAL_CONVERSION = YES;
				CLANG_WARN_OBJC_ROOT_CLASS = YES_ERROR;
				CLANG_WARN_RANGE_LOOP_ANALYSIS = YES;
				CLANG_WARN_STRICT_PROTOTYPES = YES;
				CLANG_WARN_SUSPICIOUS_MOVE = YES;
				CLANG_WARN_UNGUARDED_AVAILABILITY = YES_AGGRESSIVE;
				CLANG_WARN_UNREACHABLE_CODE = YES;
				CLANG_WARN__DUPLICATE_METHOD_MATCH = YES;
				CODE_SIGN_IDENTITY = "iPhone Developer";
				COPY_PHASE_STRIP = NO;
				DEBUG_INFORMATION_FORMAT = dwarf;
				ENABLE_STRICT_OBJC_MSGSEND = YES;
				ENABLE_TESTABILITY = YES;
				GCC_C_LANGUAGE_STANDARD = gnu11;
				GCC_DYNAMIC_NO_PIC = NO;
				GCC_NO_COMMON_BLOCKS = YES;
				GCC_OPTIMIZATION_LEVEL = 0;
				GCC_PREPROCESSOR_DEFINITIONS = (
					"DEBUG=1",
					"$(inherited)",
				);
				GCC_WARN_64_TO_32_BIT_CONVERSION = YES;
				GCC_WARN_ABOUT_RETURN_TYPE = YES_ERROR;
				GCC_WARN_UNDECLARED_SELECTOR = YES;
				GCC_WARN_UNINITIALIZED_AUTOS = YES_AGGRESSIVE;
				GCC_WARN_UNUSED_FUNCTION = YES;
				GCC_WARN_UNUSED_VARIABLE = YES;
				IPHONEOS_DEPLOYMENT_TARGET = 12.1;
				MTL_ENABLE_DEBUG_INFO = INCLUDE_SOURCE;
				MTL_FAST_MATH = YES;
				ONLY_ACTIVE_ARCH = YES;
				SDKROOT = iphoneos;
				SWIFT_ACTIVE_COMPILATION_CONDITIONS = DEBUG;
				SWIFT_OPTIMIZATION_LEVEL = "-Onone";
			};
			name = Debug;
		};
		8403C7E2225CA85200207C2A /* Release */ = {
			isa = XCBuildConfiguration;
			buildSettings = {
				ALWAYS_SEARCH_USER_PATHS = NO;
				CLANG_ANALYZER_NONNULL = YES;
				CLANG_ANALYZER_NUMBER_OBJECT_CONVERSION = YES_AGGRESSIVE;
				CLANG_CXX_LANGUAGE_STANDARD = "gnu++14";
				CLANG_CXX_LIBRARY = "libc++";
				CLANG_ENABLE_MODULES = YES;
				CLANG_ENABLE_OBJC_ARC = YES;
				CLANG_ENABLE_OBJC_WEAK = YES;
				CLANG_WARN_BLOCK_CAPTURE_AUTORELEASING = YES;
				CLANG_WARN_BOOL_CONVERSION = YES;
				CLANG_WARN_COMMA = YES;
				CLANG_WARN_CONSTANT_CONVERSION = YES;
				CLANG_WARN_DEPRECATED_OBJC_IMPLEMENTATIONS = YES;
				CLANG_WARN_DIRECT_OBJC_ISA_USAGE = YES_ERROR;
				CLANG_WARN_DOCUMENTATION_COMMENTS = YES;
				CLANG_WARN_EMPTY_BODY = YES;
				CLANG_WARN_ENUM_CONVERSION = YES;
				CLANG_WARN_INFINITE_RECURSION = YES;
				CLANG_WARN_INT_CONVERSION = YES;
				CLANG_WARN_NON_LITERAL_NULL_CONVERSION = YES;
				CLANG_WARN_OBJC_IMPLICIT_RETAIN_SELF = YES;
				CLANG_WARN_OBJC_LITERAL_CONVERSION = YES;
				CLANG_WARN_OBJC_ROOT_CLASS = YES_ERROR;
				CLANG_WARN_RANGE_LOOP_ANALYSIS = YES;
				CLANG_WARN_STRICT_PROTOTYPES = YES;
				CLANG_WARN_SUSPICIOUS_MOVE = YES;
				CLANG_WARN_UNGUARDED_AVAILABILITY = YES_AGGRESSIVE;
				CLANG_WARN_UNREACHABLE_CODE = YES;
				CLANG_WARN__DUPLICATE_METHOD_MATCH = YES;
				CODE_SIGN_IDENTITY = "iPhone Developer";
				COPY_PHASE_STRIP = NO;
				DEBUG_INFORMATION_FORMAT = "dwarf-with-dsym";
				ENABLE_NS_ASSERTIONS = NO;
				ENABLE_STRICT_OBJC_MSGSEND = YES;
				GCC_C_LANGUAGE_STANDARD = gnu11;
				GCC_NO_COMMON_BLOCKS = YES;
				GCC_WARN_64_TO_32_BIT_CONVERSION = YES;
				GCC_WARN_ABOUT_RETURN_TYPE = YES_ERROR;
				GCC_WARN_UNDECLARED_SELECTOR = YES;
				GCC_WARN_UNINITIALIZED_AUTOS = YES_AGGRESSIVE;
				GCC_WARN_UNUSED_FUNCTION = YES;
				GCC_WARN_UNUSED_VARIABLE = YES;
				IPHONEOS_DEPLOYMENT_TARGET = 12.1;
				MTL_ENABLE_DEBUG_INFO = NO;
				MTL_FAST_MATH = YES;
				SDKROOT = iphoneos;
				SWIFT_COMPILATION_MODE = wholemodule;
				SWIFT_OPTIMIZATION_LEVEL = "-O";
				VALIDATE_PRODUCT = YES;
			};
			name = Release;
		};
		8403C7E4225CA85200207C2A /* Debug */ = {
			isa = XCBuildConfiguration;
			baseConfigurationReference = 484880D128EA5FA108FB9478 /* Pods-ToDoer.debug.xcconfig */;
			buildSettings = {
				ASSETCATALOG_COMPILER_APPICON_NAME = AppIcon;
				CODE_SIGN_STYLE = Automatic;
				DEVELOPMENT_TEAM = JMSA4VXC3F;
				INFOPLIST_FILE = ToDoer/Info.plist;
				LD_RUNPATH_SEARCH_PATHS = (
					"$(inherited)",
					"@executable_path/Frameworks",
				);
				PRODUCT_BUNDLE_IDENTIFIER = com.sarannyasalim.ToDoer;
				PRODUCT_NAME = "$(TARGET_NAME)";
				SWIFT_VERSION = 4.2;
				TARGETED_DEVICE_FAMILY = "1,2";
			};
			name = Debug;
		};
		8403C7E5225CA85200207C2A /* Release */ = {
			isa = XCBuildConfiguration;
			baseConfigurationReference = 51B07BBE551BFC18E283AA74 /* Pods-ToDoer.release.xcconfig */;
			buildSettings = {
				ASSETCATALOG_COMPILER_APPICON_NAME = AppIcon;
				CODE_SIGN_STYLE = Automatic;
				DEVELOPMENT_TEAM = JMSA4VXC3F;
				INFOPLIST_FILE = ToDoer/Info.plist;
				LD_RUNPATH_SEARCH_PATHS = (
					"$(inherited)",
					"@executable_path/Frameworks",
				);
				PRODUCT_BUNDLE_IDENTIFIER = com.sarannyasalim.ToDoer;
				PRODUCT_NAME = "$(TARGET_NAME)";
				SWIFT_VERSION = 4.2;
				TARGETED_DEVICE_FAMILY = "1,2";
			};
			name = Release;
		};
		8403C7E7225CA85200207C2A /* Debug */ = {
			isa = XCBuildConfiguration;
			baseConfigurationReference = C9DC85EA63BC1A511676138D /* Pods-ToDoerTests.debug.xcconfig */;
			buildSettings = {
				ALWAYS_EMBED_SWIFT_STANDARD_LIBRARIES = YES;
				BUNDLE_LOADER = "$(TEST_HOST)";
				CODE_SIGN_STYLE = Automatic;
				DEVELOPMENT_TEAM = JMSA4VXC3F;
				INFOPLIST_FILE = ToDoerTests/Info.plist;
				LD_RUNPATH_SEARCH_PATHS = (
					"$(inherited)",
					"@executable_path/Frameworks",
					"@loader_path/Frameworks",
				);
				PRODUCT_BUNDLE_IDENTIFIER = com.sarannyasalim.ToDoerTests;
				PRODUCT_NAME = "$(TARGET_NAME)";
				SWIFT_VERSION = 4.2;
				TARGETED_DEVICE_FAMILY = "1,2";
				TEST_HOST = "$(BUILT_PRODUCTS_DIR)/ToDoer.app/ToDoer";
			};
			name = Debug;
		};
		8403C7E8225CA85200207C2A /* Release */ = {
			isa = XCBuildConfiguration;
			baseConfigurationReference = D2B5F44094961E5411D61676 /* Pods-ToDoerTests.release.xcconfig */;
			buildSettings = {
				ALWAYS_EMBED_SWIFT_STANDARD_LIBRARIES = YES;
				BUNDLE_LOADER = "$(TEST_HOST)";
				CODE_SIGN_STYLE = Automatic;
				DEVELOPMENT_TEAM = JMSA4VXC3F;
				INFOPLIST_FILE = ToDoerTests/Info.plist;
				LD_RUNPATH_SEARCH_PATHS = (
					"$(inherited)",
					"@executable_path/Frameworks",
					"@loader_path/Frameworks",
				);
				PRODUCT_BUNDLE_IDENTIFIER = com.sarannyasalim.ToDoerTests;
				PRODUCT_NAME = "$(TARGET_NAME)";
				SWIFT_VERSION = 4.2;
				TARGETED_DEVICE_FAMILY = "1,2";
				TEST_HOST = "$(BUILT_PRODUCTS_DIR)/ToDoer.app/ToDoer";
			};
			name = Release;
		};
		8403C7EA225CA85200207C2A /* Debug */ = {
			isa = XCBuildConfiguration;
			baseConfigurationReference = 66F249F5B2AADEF769B01ACD /* Pods-ToDoerUITests.debug.xcconfig */;
			buildSettings = {
				ALWAYS_EMBED_SWIFT_STANDARD_LIBRARIES = YES;
				CODE_SIGN_STYLE = Automatic;
				DEVELOPMENT_TEAM = JMSA4VXC3F;
				INFOPLIST_FILE = ToDoerUITests/Info.plist;
				LD_RUNPATH_SEARCH_PATHS = (
					"$(inherited)",
					"@executable_path/Frameworks",
					"@loader_path/Frameworks",
				);
				PRODUCT_BUNDLE_IDENTIFIER = com.sarannyasalim.ToDoerUITests;
				PRODUCT_NAME = "$(TARGET_NAME)";
				SWIFT_VERSION = 4.2;
				TARGETED_DEVICE_FAMILY = "1,2";
				TEST_TARGET_NAME = ToDoer;
			};
			name = Debug;
		};
		8403C7EB225CA85200207C2A /* Release */ = {
			isa = XCBuildConfiguration;
			baseConfigurationReference = C807B8B95B214EF66DF92FE5 /* Pods-ToDoerUITests.release.xcconfig */;
			buildSettings = {
				ALWAYS_EMBED_SWIFT_STANDARD_LIBRARIES = YES;
				CODE_SIGN_STYLE = Automatic;
				DEVELOPMENT_TEAM = JMSA4VXC3F;
				INFOPLIST_FILE = ToDoerUITests/Info.plist;
				LD_RUNPATH_SEARCH_PATHS = (
					"$(inherited)",
					"@executable_path/Frameworks",
					"@loader_path/Frameworks",
				);
				PRODUCT_BUNDLE_IDENTIFIER = com.sarannyasalim.ToDoerUITests;
				PRODUCT_NAME = "$(TARGET_NAME)";
				SWIFT_VERSION = 4.2;
				TARGETED_DEVICE_FAMILY = "1,2";
				TEST_TARGET_NAME = ToDoer;
			};
			name = Release;
		};
/* End XCBuildConfiguration section */

/* Begin XCConfigurationList section */
		8403C7B6225CA85100207C2A /* Build configuration list for PBXProject "ToDoer" */ = {
			isa = XCConfigurationList;
			buildConfigurations = (
				8403C7E1225CA85200207C2A /* Debug */,
				8403C7E2225CA85200207C2A /* Release */,
			);
			defaultConfigurationIsVisible = 0;
			defaultConfigurationName = Release;
		};
		8403C7E3225CA85200207C2A /* Build configuration list for PBXNativeTarget "ToDoer" */ = {
			isa = XCConfigurationList;
			buildConfigurations = (
				8403C7E4225CA85200207C2A /* Debug */,
				8403C7E5225CA85200207C2A /* Release */,
			);
			defaultConfigurationIsVisible = 0;
			defaultConfigurationName = Release;
		};
		8403C7E6225CA85200207C2A /* Build configuration list for PBXNativeTarget "ToDoerTests" */ = {
			isa = XCConfigurationList;
			buildConfigurations = (
				8403C7E7225CA85200207C2A /* Debug */,
				8403C7E8225CA85200207C2A /* Release */,
			);
			defaultConfigurationIsVisible = 0;
			defaultConfigurationName = Release;
		};
		8403C7E9225CA85200207C2A /* Build configuration list for PBXNativeTarget "ToDoerUITests" */ = {
			isa = XCConfigurationList;
			buildConfigurations = (
				8403C7EA225CA85200207C2A /* Debug */,
				8403C7EB225CA85200207C2A /* Release */,
			);
			defaultConfigurationIsVisible = 0;
			defaultConfigurationName = Release;
		};
/* End XCConfigurationList section */
	};
	rootObject = 8403C7B3225CA85100207C2A /* Project object */;
}
